
Microsoft Visual Studio Solution File, Format Version 12.00
# Visual Studio 15
VisualStudioVersion = 15.0.28307.1000
MinimumVisualStudioVersion = 10.0.40219.1
Project("{FAE04EC0-301F-11D3-BF4B-00C04F79EFBC}") = "UppdateraKurserService", "UppdateraKurserService\UppdateraKurserService.csproj", "{6CE61273-4A59-47F3-9EC7-E085F18DC37F}"
EndProject
Global
	GlobalSection(SolutionConfigurationPlatforms) = preSolution
		Debug|Any CPU = Debug|Any CPU
		Release|Any CPU = Release|Any CPU
	EndGlobalSection
	GlobalSection(ProjectConfigurationPlatforms) = postSolution
		{6CE61273-4A59-47F3-9EC7-E085F18DC37F}.Debug|Any CPU.ActiveCfg = Debug|Any CPU
		{6CE61273-4A59-47F3-9EC7-E085F18DC37F}.Debug|Any CPU.Build.0 = Debug|Any CPU
		{6CE61273-4A59-47F3-9EC7-E085F18DC37F}.Release|Any CPU.ActiveCfg = Release|Any CPU
		{6CE61273-4A59-47F3-9EC7-E085F18DC37F}.Release|Any CPU.Build.0 = Release|Any CPU
	EndGlobalSection
	GlobalSection(SolutionProperties) = preSolution
		HideSolutionNode = FALSE
	EndGlobalSection
	GlobalSection(ExtensibilityGlobals) = postSolution
		SolutionGuid = {6841D52F-37A5-48B7-B7AE-9BB9A84E0E94}
	EndGlobalSection
EndGlobal
